schema: '2.0'
stages:
  simulate-spherical:
    cmd: python scripts/simulate_spherical.py
    deps:
    - path: scripts/simulate_spherical.py
      hash: md5
      md5: e2224f2d2c1f568b3e15c8b25973cd83
      size: 3016
    params:
      params.yaml:
        simulate.spherical:
          seed: 421765311
          n_jobs: ${oc.decode:${oc.env:GRGG_N_JOBS,10}}
          params:
            n:
            - 100
            - 1000
            - 10000
            k:
            - 2
            - 4
            - 8
            - 16
            beta:
            - 0.0
            - 0.5
            - 1.5
            - 2.5
            - 5.0
            - 10.0
            - .inf
            logspace:
            - true
            - false
            kbar: 10
            n_rep: 10
    outs:
    - path: data/proc/spherical.pkl
      hash: md5
      md5: 783aae8c5f0e8f2d27d974771486c7b7
      size: 102294
